// !$*UTF8*$!
{
	archiveVersion = 1;
	classes = {
	};
	objectVersion = 46;
	objects = {

/* Begin PBXBuildFile section */
		B85F54EB1E48D5E800E3DE61 /* IntNode.cpp in Sources */ = {isa = PBXBuildFile; fileRef = B85F54E91E48D5E800E3DE61 /* IntNode.cpp */; };
		B877F48F1E4B7260003CF139 /* IntNodeArray.cpp in Sources */ = {isa = PBXBuildFile; fileRef = B877F48D1E4B7260003CF139 /* IntNodeArray.cpp */; };
		B877F4911E4B7D39003CF139 /* Runner.cpp in Sources */ = {isa = PBXBuildFile; fileRef = B877F4901E4B7D39003CF139 /* Runner.cpp */; };
		B877F4951E4B7D9B003CF139 /* StructureController.cpp in Sources */ = {isa = PBXBuildFile; fileRef = B877F4931E4B7D9B003CF139 /* StructureController.cpp */; };
/* End PBXBuildFile section */

/* Begin PBXCopyFilesBuildPhase section */
		B85F54DD1E48D40B00E3DE61 /* CopyFiles */ = {
			isa = PBXCopyFilesBuildPhase;
			buildActionMask = 2147483647;
			dstPath = /usr/share/man/man1/;
			dstSubfolderSpec = 0;
			files = (
			);
			runOnlyForDeploymentPostprocessing = 1;
		};
/* End PBXCopyFilesBuildPhase section */

/* Begin PBXFileReference section */
		B85F54DF1E48D40B00E3DE61 /* MegaProject */ = {isa = PBXFileReference; explicitFileType = "compiled.mach-o.executable"; includeInIndex = 0; path = MegaProject; sourceTree = BUILT_PRODUCTS_DIR; };
		B85F54E91E48D5E800E3DE61 /* IntNode.cpp */ = {isa = PBXFileReference; fileEncoding = 4; lastKnownFileType = sourcecode.cpp.cpp; name = IntNode.cpp; path = Model/IntNode.cpp; sourceTree = "<group>"; };
		B85F54EA1E48D5E800E3DE61 /* IntNode.hpp */ = {isa = PBXFileReference; fileEncoding = 4; lastKnownFileType = sourcecode.cpp.h; name = IntNode.hpp; path = Model/IntNode.hpp; sourceTree = "<group>"; };
		B877F48D1E4B7260003CF139 /* IntNodeArray.cpp */ = {isa = PBXFileReference; fileEncoding = 4; lastKnownFileType = sourcecode.cpp.cpp; name = IntNodeArray.cpp; path = Model/IntNodeArray.cpp; sourceTree = "<group>"; };
		B877F48E1E4B7260003CF139 /* IntNodeArray.hpp */ = {isa = PBXFileReference; fileEncoding = 4; lastKnownFileType = sourcecode.cpp.h; name = IntNodeArray.hpp; path = Model/IntNodeArray.hpp; sourceTree = "<group>"; };
		B877F4901E4B7D39003CF139 /* Runner.cpp */ = {isa = PBXFileReference; fileEncoding = 4; lastKnownFileType = sourcecode.cpp.cpp; name = Runner.cpp; path = Controller/Runner.cpp; sourceTree = "<group>"; };
		B877F4931E4B7D9B003CF139 /* StructureController.cpp */ = {isa = PBXFileReference; fileEncoding = 4; lastKnownFileType = sourcecode.cpp.cpp; name = StructureController.cpp; path = Controller/StructureController.cpp; sourceTree = "<group>"; };
		B877F4941E4B7D9B003CF139 /* StructureController.hpp */ = {isa = PBXFileReference; fileEncoding = 4; lastKnownFileType = sourcecode.cpp.h; name = StructureController.hpp; path = Controller/StructureController.hpp; sourceTree = "<group>"; };
		B8A2056B1E5208F7007421F6 /* Node.hpp */ = {isa = PBXFileReference; lastKnownFileType = sourcecode.cpp.h; name = Node.hpp; path = Model/Node.hpp; sourceTree = "<group>"; };
		FF972EF61E5B8657002646B8 /* Array.hpp */ = {isa = PBXFileReference; fileEncoding = 4; lastKnownFileType = sourcecode.cpp.h; name = Array.hpp; path = Model/Array.hpp; sourceTree = "<group>"; };
/* End PBXFileReference section */

/* Begin PBXFrameworksBuildPhase section */
		B85F54DC1E48D40B00E3DE61 /* Frameworks */ = {
			isa = PBXFrameworksBuildPhase;
			buildActionMask = 2147483647;
			files = (
			);
			runOnlyForDeploymentPostprocessing = 0;
		};
/* End PBXFrameworksBuildPhase section */

/* Begin PBXGroup section */
		B85F54D61E48D40B00E3DE61 = {
			isa = PBXGroup;
			children = (
				B85F54E11E48D40B00E3DE61 /* MegaProject */,
				B85F54E01E48D40B00E3DE61 /* Products */,
			);
			sourceTree = "<group>";
		};
		B85F54E01E48D40B00E3DE61 /* Products */ = {
			isa = PBXGroup;
			children = (
				B85F54DF1E48D40B00E3DE61 /* MegaProject */,
			);
			name = Products;
			sourceTree = "<group>";
		};
		B85F54E11E48D40B00E3DE61 /* MegaProject */ = {
			isa = PBXGroup;
			children = (
				B85F54EC1E48D5F000E3DE61 /* Model */,
				B877F4921E4B7D44003CF139 /* Controller */,
			);
			path = MegaProject;
			sourceTree = "<group>";
		};
		B85F54EC1E48D5F000E3DE61 /* Model */ = {
			isa = PBXGroup;
			children = (
				FF972EF61E5B8657002646B8 /* Array.hpp */,
				B8A2056B1E5208F7007421F6 /* Node.hpp */,
				B85F54EA1E48D5E800E3DE61 /* IntNode.hpp */,
				B877F48E1E4B7260003CF139 /* IntNodeArray.hpp */,
				B85F54E91E48D5E800E3DE61 /* IntNode.cpp */,
				B877F48D1E4B7260003CF139 /* IntNodeArray.cpp */,
			);
			name = Model;
			sourceTree = "<group>";
		};
		B877F4921E4B7D44003CF139 /* Controller */ = {
			isa = PBXGroup;
			children = (
				B877F4941E4B7D9B003CF139 /* StructureController.hpp */,
				B877F4931E4B7D9B003CF139 /* StructureController.cpp */,
				B877F4901E4B7D39003CF139 /* Runner.cpp */,
			);
			name = Controller;
			sourceTree = "<group>";
		};
/* End PBXGroup section */

/* Begin PBXNativeTarget section */
		B85F54DE1E48D40B00E3DE61 /* MegaProject */ = {
			isa = PBXNativeTarget;
			buildConfigurationList = B85F54E61E48D40B00E3DE61 /* Build configuration list for PBXNativeTarget "MegaProject" */;
			buildPhases = (
				B85F54DB1E48D40B00E3DE61 /* Sources */,
				B85F54DC1E48D40B00E3DE61 /* Frameworks */,
				B85F54DD1E48D40B00E3DE61 /* CopyFiles */,
			);
			buildRules = (
			);
			dependencies = (
			);
			name = MegaProject;
			productName = MegaProject;
			productReference = B85F54DF1E48D40B00E3DE61 /* MegaProject */;
			productType = "com.apple.product-type.tool";
		};
/* End PBXNativeTarget section */

/* Begin PBXProject section */
		B85F54D71E48D40B00E3DE61 /* Project object */ = {
			isa = PBXProject;
			attributes = {
				LastUpgradeCheck = 0810;
				ORGANIZATIONNAME = "Powley, Matthew";
				TargetAttributes = {
					B85F54DE1E48D40B00E3DE61 = {
						CreatedOnToolsVersion = 8.1;
						ProvisioningStyle = Automatic;
					};
				};
			};
			buildConfigurationList = B85F54DA1E48D40B00E3DE61 /* Build configuration list for PBXProject "MegaProject" */;
			compatibilityVersion = "Xcode 3.2";
			developmentRegion = English;
			hasScannedForEncodings = 0;
			knownRegions = (
				en,
			);
			mainGroup = B85F54D61E48D40B00E3DE61;
			productRefGroup = B85F54E01E48D40B00E3DE61 /* Products */;
			projectDirPath = "";
			projectRoot = "";
			targets = (
				B85F54DE1E48D40B00E3DE61 /* MegaProject */,
			);
		};
/* End PBXProject section */

/* Begin PBXSourcesBuildPhase section */
		B85F54DB1E48D40B00E3DE61 /* Sources */ = {
			isa = PBXSourcesBuildPhase;
			buildActionMask = 2147483647;
			files = (
				B877F4911E4B7D39003CF139 /* Runner.cpp in Sources */,
				B877F4951E4B7D9B003CF139 /* StructureController.cpp in Sources */,
				B85F54EB1E48D5E800E3DE61 /* IntNode.cpp in Sources */,
				B877F48F1E4B7260003CF139 /* IntNodeArray.cpp in Sources */,
			);
			runOnlyForDeploymentPostprocessing = 0;
		};
/* End PBXSourcesBuildPhase section */

/* Begin XCBuildConfiguration section */
		B85F54E41E48D40B00E3DE61 /* Debug */ = {
			isa = XCBuildConfiguration;
			buildSettings = {
				ALWAYS_SEARCH_USER_PATHS = NO;
				CLANG_ANALYZER_NONNULL = YES;
				CLANG_CXX_LANGUAGE_STANDARD = "gnu++0x";
				CLANG_CXX_LIBRARY = "libc++";
				CLANG_ENABLE_MODULES = YES;
				CLANG_ENABLE_OBJC_ARC = YES;
				CLANG_WARN_BOOL_CONVERSION = YES;
				CLANG_WARN_CONSTANT_CONVERSION = YES;
				CLANG_WARN_DIRECT_OBJC_ISA_USAGE = YES_ERROR;
				CLANG_WARN_DOCUMENTATION_COMMENTS = YES;
				CLANG_WARN_EMPTY_BODY = YES;
				CLANG_WARN_ENUM_CONVERSION = YES;
				CLANG_WARN_INFINITE_RECURSION = YES;
				CLANG_WARN_INT_CONVERSION = YES;
				CLANG_WARN_OBJC_ROOT_CLASS = YES_ERROR;
				CLANG_WARN_SUSPICIOUS_MOVES = YES;
				CLANG_WARN_UNREACHABLE_CODE = YES;
				CLANG_WARN__DUPLICATE_METHOD_MATCH = YES;
				CODE_SIGN_IDENTITY = "-";
				COPY_PHASE_STRIP = NO;
				DEBUG_INFORMATION_FORMAT = dwarf;
				ENABLE_STRICT_OBJC_MSGSEND = YES;
				ENABLE_TESTABILITY = YES;
				GCC_C_LANGUAGE_STANDARD = gnu99;
				GCC_DYNAMIC_NO_PIC = NO;
				GCC_NO_COMMON_BLOCKS = YES;
				GCC_OPTIMIZATION_LEVEL = 0;
				GCC_PREPROCESSOR_DEFINITIONS = (
					"DEBUG=1",
					"$(inherited)",
				);
				GCC_WARN_64_TO_32_BIT_CONVERSION = YES;
				GCC_WARN_ABOUT_RETURN_TYPE = YES_ERROR;
				GCC_WARN_UNDECLARED_SELECTOR = YES;
				GCC_WARN_UNINITIALIZED_AUTOS = YES_AGGRESSIVE;
				GCC_WARN_UNUSED_FUNCTION = YES;
				GCC_WARN_UNUSED_VARIABLE = YES;
				MACOSX_DEPLOYMENT_TARGET = 10.11;
				MTL_ENABLE_DEBUG_INFO = YES;
				ONLY_ACTIVE_ARCH = YES;
				SDKROOT = macosx;
			};
			name = Debug;
		};
		B85F54E51E48D40B00E3DE61 /* Release */ = {
			isa = XCBuildConfiguration;
			buildSettings = {
				ALWAYS_SEARCH_USER_PATHS = NO;
				CLANG_ANALYZER_NONNULL = YES;
				CLANG_CXX_LANGUAGE_STANDARD = "gnu++0x";
				CLANG_CXX_LIBRARY = "libc++";
				CLANG_ENABLE_MODULES = YES;
				CLANG_ENABLE_OBJC_ARC = YES;
				CLANG_WARN_BOOL_CONVERSION = YES;
				CLANG_WARN_CONSTANT_CONVERSION = YES;
				CLANG_WARN_DIRECT_OBJC_ISA_USAGE = YES_ERROR;
				CLANG_WARN_DOCUMENTATION_COMMENTS = YES;
				CLANG_WARN_EMPTY_BODY = YES;
				CLANG_WARN_ENUM_CONVERSION = YES;
				CLANG_WARN_INFINITE_RECURSION = YES;
				CLANG_WARN_INT_CONVERSION = YES;
				CLANG_WARN_OBJC_ROOT_CLASS = YES_ERROR;
				CLANG_WARN_SUSPICIOUS_MOVES = YES;
				CLANG_WARN_UNREACHABLE_CODE = YES;
				CLANG_WARN__DUPLICATE_METHOD_MATCH = YES;
				CODE_SIGN_IDENTITY = "-";
				COPY_PHASE_STRIP = NO;
				DEBUG_INFORMATION_FORMAT = "dwarf-with-dsym";
				ENABLE_NS_ASSERTIONS = NO;
				ENABLE_STRICT_OBJC_MSGSEND = YES;
				GCC_C_LANGUAGE_STANDARD = gnu99;
				GCC_NO_COMMON_BLOCKS = YES;
				GCC_WARN_64_TO_32_BIT_CONVERSION = YES;
				GCC_WARN_ABOUT_RETURN_TYPE = YES_ERROR;
				GCC_WARN_UNDECLARED_SELECTOR = YES;
				GCC_WARN_UNINITIALIZED_AUTOS = YES_AGGRESSIVE;
				GCC_WARN_UNUSED_FUNCTION = YES;
				GCC_WARN_UNUSED_VARIABLE = YES;
				MACOSX_DEPLOYMENT_TARGET = 10.11;
				MTL_ENABLE_DEBUG_INFO = NO;
				SDKROOT = macosx;
			};
			name = Release;
		};
		B85F54E71E48D40B00E3DE61 /* Debug */ = {
			isa = XCBuildConfiguration;
			buildSettings = {
				PRODUCT_NAME = "$(TARGET_NAME)";
			};
			name = Debug;
		};
		B85F54E81E48D40B00E3DE61 /* Release */ = {
			isa = XCBuildConfiguration;
			buildSettings = {
				PRODUCT_NAME = "$(TARGET_NAME)";
			};
			name = Release;
		};
/* End XCBuildConfiguration section */

/* Begin XCConfigurationList section */
		B85F54DA1E48D40B00E3DE61 /* Build configuration list for PBXProject "MegaProject" */ = {
			isa = XCConfigurationList;
			buildConfigurations = (
				B85F54E41E48D40B00E3DE61 /* Debug */,
				B85F54E51E48D40B00E3DE61 /* Release */,
			);
			defaultConfigurationIsVisible = 0;
			defaultConfigurationName = Release;
		};
		B85F54E61E48D40B00E3DE61 /* Build configuration list for PBXNativeTarget "MegaProject" */ = {
			isa = XCConfigurationList;
			buildConfigurations = (
				B85F54E71E48D40B00E3DE61 /* Debug */,
				B85F54E81E48D40B00E3DE61 /* Release */,
			);
			defaultConfigurationIsVisible = 0;
			defaultConfigurationName = Release;
		};
/* End XCConfigurationList section */
	};
	rootObject = B85F54D71E48D40B00E3DE61 /* Project object */;
}
